// !$*UTF8*$!
{
	archiveVersion = 1;
	classes = {
	};
	objectVersion = 46;
	objects = {

/* Begin PBXBuildFile section */
		49A7FE6B1ABF3F3400473BCF /* GDGeoDataObjectProtocol.swift in Sources */ = {isa = PBXBuildFile; fileRef = 49A7FE6A1ABF3F3400473BCF /* GDGeoDataObjectProtocol.swift */; };
		49A7FE6D1ABF40D600473BCF /* GDSubRegion.swift in Sources */ = {isa = PBXBuildFile; fileRef = 49A7FE6C1ABF40D600473BCF /* GDSubRegion.swift */; };
		49A7FE6E1ABF456700473BCF /* GDSubRegion.swift in Sources */ = {isa = PBXBuildFile; fileRef = 49A7FE6C1ABF40D600473BCF /* GDSubRegion.swift */; };
		49A7FE6F1ABF456A00473BCF /* GDGeoDataObjectProtocol.swift in Sources */ = {isa = PBXBuildFile; fileRef = 49A7FE6A1ABF3F3400473BCF /* GDGeoDataObjectProtocol.swift */; };
		49FEF1381ABCB01300E75579 /* AppDelegate.swift in Sources */ = {isa = PBXBuildFile; fileRef = 49FEF1371ABCB01300E75579 /* AppDelegate.swift */; };
		49FEF13F1ABCB01300E75579 /* Images.xcassets in Resources */ = {isa = PBXBuildFile; fileRef = 49FEF13E1ABCB01300E75579 /* Images.xcassets */; };
		49FEF1421ABCB01300E75579 /* LaunchScreen.xib in Resources */ = {isa = PBXBuildFile; fileRef = 49FEF1401ABCB01300E75579 /* LaunchScreen.xib */; };
		49FEF1621ABD8B4600E75579 /* GDCountries.json in Resources */ = {isa = PBXBuildFile; fileRef = 49FEF15A1ABD8B4600E75579 /* GDCountries.json */; };
		49FEF1631ABD8B4600E75579 /* GDRegions.json in Resources */ = {isa = PBXBuildFile; fileRef = 49FEF15B1ABD8B4600E75579 /* GDRegions.json */; };
		49FEF1651ABD8B4600E75579 /* GDCountry.swift in Sources */ = {isa = PBXBuildFile; fileRef = 49FEF15E1ABD8B4600E75579 /* GDCountry.swift */; };
		49FEF1661ABD8B4600E75579 /* GDRegion.swift in Sources */ = {isa = PBXBuildFile; fileRef = 49FEF1601ABD8B4600E75579 /* GDRegion.swift */; };
		49FEF1751ABDABC200E75579 /* GDGeoDataTest.swift in Sources */ = {isa = PBXBuildFile; fileRef = 49FEF1741ABDABC200E75579 /* GDGeoDataTest.swift */; };
		49FEF1761ABDAD2D00E75579 /* GDCountry.swift in Sources */ = {isa = PBXBuildFile; fileRef = 49FEF15E1ABD8B4600E75579 /* GDCountry.swift */; };
		49FEF1771ABDAD3000E75579 /* GDRegion.swift in Sources */ = {isa = PBXBuildFile; fileRef = 49FEF1601ABD8B4600E75579 /* GDRegion.swift */; };
		49FEF1781ABDAD3300E75579 /* GDCountries.json in Resources */ = {isa = PBXBuildFile; fileRef = 49FEF15A1ABD8B4600E75579 /* GDCountries.json */; };
		49FEF1791ABDAD3500E75579 /* GDRegions.json in Resources */ = {isa = PBXBuildFile; fileRef = 49FEF15B1ABD8B4600E75579 /* GDRegions.json */; };
		CAA6893D23511319002F5EE4 /* SceneDelegate.swift in Sources */ = {isa = PBXBuildFile; fileRef = CAA6893C23511319002F5EE4 /* SceneDelegate.swift */; };
		CAA6893F235113F0002F5EE4 /* GDGeoDataListView.swift in Sources */ = {isa = PBXBuildFile; fileRef = CAA6893E235113F0002F5EE4 /* GDGeoDataListView.swift */; };
		CAA68941235137F9002F5EE4 /* CountryView.swift in Sources */ = {isa = PBXBuildFile; fileRef = CAA68940235137F9002F5EE4 /* CountryView.swift */; };
/* End PBXBuildFile section */

/* Begin PBXContainerItemProxy section */
		49FEF1481ABCB01300E75579 /* PBXContainerItemProxy */ = {
			isa = PBXContainerItemProxy;
			containerPortal = 49FEF12A1ABCB01300E75579 /* Project object */;
			proxyType = 1;
			remoteGlobalIDString = 49FEF1311ABCB01300E75579;
			remoteInfo = GDGeoDataDemo;
		};
/* End PBXContainerItemProxy section */

/* Begin PBXFileReference section */
		49A7FE6A1ABF3F3400473BCF /* GDGeoDataObjectProtocol.swift */ = {isa = PBXFileReference; fileEncoding = 4; lastKnownFileType = sourcecode.swift; path = GDGeoDataObjectProtocol.swift; sourceTree = "<group>"; };
		49A7FE6C1ABF40D600473BCF /* GDSubRegion.swift */ = {isa = PBXFileReference; fileEncoding = 4; lastKnownFileType = sourcecode.swift; path = GDSubRegion.swift; sourceTree = "<group>"; };
		49FEF1321ABCB01300E75579 /* GDGeoDataDemo.app */ = {isa = PBXFileReference; explicitFileType = wrapper.application; includeInIndex = 0; path = GDGeoDataDemo.app; sourceTree = BUILT_PRODUCTS_DIR; };
		49FEF1361ABCB01300E75579 /* Info.plist */ = {isa = PBXFileReference; lastKnownFileType = text.plist.xml; path = Info.plist; sourceTree = "<group>"; };
		49FEF1371ABCB01300E75579 /* AppDelegate.swift */ = {isa = PBXFileReference; lastKnownFileType = sourcecode.swift; path = AppDelegate.swift; sourceTree = "<group>"; };
		49FEF13E1ABCB01300E75579 /* Images.xcassets */ = {isa = PBXFileReference; lastKnownFileType = folder.assetcatalog; path = Images.xcassets; sourceTree = "<group>"; };
		49FEF1411ABCB01300E75579 /* Base */ = {isa = PBXFileReference; lastKnownFileType = file.xib; name = Base; path = Base.lproj/LaunchScreen.xib; sourceTree = "<group>"; };
		49FEF1471ABCB01300E75579 /* GDGeoDataDemoTests.xctest */ = {isa = PBXFileReference; explicitFileType = wrapper.cfbundle; includeInIndex = 0; path = GDGeoDataDemoTests.xctest; sourceTree = BUILT_PRODUCTS_DIR; };
		49FEF14C1ABCB01300E75579 /* Info.plist */ = {isa = PBXFileReference; lastKnownFileType = text.plist.xml; path = Info.plist; sourceTree = "<group>"; };
		49FEF15A1ABD8B4600E75579 /* GDCountries.json */ = {isa = PBXFileReference; fileEncoding = 4; lastKnownFileType = text.json; path = GDCountries.json; sourceTree = "<group>"; };
		49FEF15B1ABD8B4600E75579 /* GDRegions.json */ = {isa = PBXFileReference; fileEncoding = 4; lastKnownFileType = text.json; path = GDRegions.json; sourceTree = "<group>"; };
		49FEF15E1ABD8B4600E75579 /* GDCountry.swift */ = {isa = PBXFileReference; fileEncoding = 4; lastKnownFileType = sourcecode.swift; path = GDCountry.swift; sourceTree = "<group>"; };
		49FEF1601ABD8B4600E75579 /* GDRegion.swift */ = {isa = PBXFileReference; fileEncoding = 4; lastKnownFileType = sourcecode.swift; path = GDRegion.swift; sourceTree = "<group>"; };
		49FEF1681ABD8BEA00E75579 /* GDGeoData.podspec */ = {isa = PBXFileReference; fileEncoding = 4; lastKnownFileType = text; name = GDGeoData.podspec; path = ../GDGeoData.podspec; sourceTree = "<group>"; };
		49FEF1691ABD8BEA00E75579 /* LICENSE */ = {isa = PBXFileReference; fileEncoding = 4; lastKnownFileType = text; name = LICENSE; path = ../LICENSE; sourceTree = "<group>"; };
		49FEF16A1ABD8BEA00E75579 /* README.md */ = {isa = PBXFileReference; fileEncoding = 4; lastKnownFileType = net.daringfireball.markdown; name = README.md; path = ../README.md; sourceTree = "<group>"; };
		49FEF1741ABDABC200E75579 /* GDGeoDataTest.swift */ = {isa = PBXFileReference; fileEncoding = 4; lastKnownFileType = sourcecode.swift; path = GDGeoDataTest.swift; sourceTree = "<group>"; };
		CAA6893C23511319002F5EE4 /* SceneDelegate.swift */ = {isa = PBXFileReference; lastKnownFileType = sourcecode.swift; path = SceneDelegate.swift; sourceTree = "<group>"; };
		CAA6893E235113F0002F5EE4 /* GDGeoDataListView.swift */ = {isa = PBXFileReference; lastKnownFileType = sourcecode.swift; path = GDGeoDataListView.swift; sourceTree = "<group>"; };
		CAA68940235137F9002F5EE4 /* CountryView.swift */ = {isa = PBXFileReference; lastKnownFileType = sourcecode.swift; path = CountryView.swift; sourceTree = "<group>"; };
		CAA6894223513C48002F5EE4 /* GDGeoDataDemo.entitlements */ = {isa = PBXFileReference; lastKnownFileType = text.plist.entitlements; name = GDGeoDataDemo.entitlements; path = GDGeoDataDemo/GDGeoDataDemo.entitlements; sourceTree = "<group>"; };
/* End PBXFileReference section */

/* Begin PBXFrameworksBuildPhase section */
		49FEF12F1ABCB01300E75579 /* Frameworks */ = {
			isa = PBXFrameworksBuildPhase;
			buildActionMask = 2147483647;
			files = (
			);
			runOnlyForDeploymentPostprocessing = 0;
		};
		49FEF1441ABCB01300E75579 /* Frameworks */ = {
			isa = PBXFrameworksBuildPhase;
			buildActionMask = 2147483647;
			files = (
			);
			runOnlyForDeploymentPostprocessing = 0;
		};
/* End PBXFrameworksBuildPhase section */

/* Begin PBXGroup section */
		49FEF1291ABCB01300E75579 = {
			isa = PBXGroup;
			children = (
				CAA6894223513C48002F5EE4 /* GDGeoDataDemo.entitlements */,
				49FEF1671ABD8BC700E75579 /* Podspec Metadata */,
				49FEF1571ABD8B4600E75579 /* GDGeoData */,
				49FEF1341ABCB01300E75579 /* GDGeoDataiOSDemo */,
				49FEF14A1ABCB01300E75579 /* GDGeoDataiOSDemoTests */,
				49FEF1331ABCB01300E75579 /* Products */,
			);
			sourceTree = "<group>";
		};
		49FEF1331ABCB01300E75579 /* Products */ = {
			isa = PBXGroup;
			children = (
				49FEF1321ABCB01300E75579 /* GDGeoDataDemo.app */,
				49FEF1471ABCB01300E75579 /* GDGeoDataDemoTests.xctest */,
			);
			name = Products;
			sourceTree = "<group>";
		};
		49FEF1341ABCB01300E75579 /* GDGeoDataiOSDemo */ = {
			isa = PBXGroup;
			children = (
				49FEF1371ABCB01300E75579 /* AppDelegate.swift */,
				CAA6893C23511319002F5EE4 /* SceneDelegate.swift */,
				CAA6893E235113F0002F5EE4 /* GDGeoDataListView.swift */,
				CAA68940235137F9002F5EE4 /* CountryView.swift */,
				49FEF13E1ABCB01300E75579 /* Images.xcassets */,
				49FEF1401ABCB01300E75579 /* LaunchScreen.xib */,
				49FEF1351ABCB01300E75579 /* Supporting Files */,
			);
			name = GDGeoDataiOSDemo;
			path = GDGeoDataDemo;
			sourceTree = "<group>";
		};
		49FEF1351ABCB01300E75579 /* Supporting Files */ = {
			isa = PBXGroup;
			children = (
				49FEF1361ABCB01300E75579 /* Info.plist */,
			);
			name = "Supporting Files";
			sourceTree = "<group>";
		};
		49FEF14A1ABCB01300E75579 /* GDGeoDataiOSDemoTests */ = {
			isa = PBXGroup;
			children = (
				49FEF1741ABDABC200E75579 /* GDGeoDataTest.swift */,
				49FEF14B1ABCB01300E75579 /* Supporting Files */,
			);
			name = GDGeoDataiOSDemoTests;
			path = GDGeoDataDemoTests;
			sourceTree = "<group>";
		};
		49FEF14B1ABCB01300E75579 /* Supporting Files */ = {
			isa = PBXGroup;
			children = (
				49FEF14C1ABCB01300E75579 /* Info.plist */,
			);
			name = "Supporting Files";
			sourceTree = "<group>";
		};
		49FEF1571ABD8B4600E75579 /* GDGeoData */ = {
			isa = PBXGroup;
			children = (
				49FEF1581ABD8B4600E75579 /* Assets */,
				49FEF15C1ABD8B4600E75579 /* Classes */,
			);
			name = GDGeoData;
			path = ../GDGeoData;
			sourceTree = "<group>";
		};
		49FEF1581ABD8B4600E75579 /* Assets */ = {
			isa = PBXGroup;
			children = (
				49FEF15A1ABD8B4600E75579 /* GDCountries.json */,
				49FEF15B1ABD8B4600E75579 /* GDRegions.json */,
			);
			path = Assets;
			sourceTree = "<group>";
		};
		49FEF15C1ABD8B4600E75579 /* Classes */ = {
			isa = PBXGroup;
			children = (
				49A7FE6A1ABF3F3400473BCF /* GDGeoDataObjectProtocol.swift */,
				49FEF15E1ABD8B4600E75579 /* GDCountry.swift */,
				49FEF1601ABD8B4600E75579 /* GDRegion.swift */,
				49A7FE6C1ABF40D600473BCF /* GDSubRegion.swift */,
			);
			path = Classes;
			sourceTree = "<group>";
		};
		49FEF1671ABD8BC700E75579 /* Podspec Metadata */ = {
			isa = PBXGroup;
			children = (
				49FEF1681ABD8BEA00E75579 /* GDGeoData.podspec */,
				49FEF1691ABD8BEA00E75579 /* LICENSE */,
				49FEF16A1ABD8BEA00E75579 /* README.md */,
			);
			name = "Podspec Metadata";
			sourceTree = "<group>";
		};
/* End PBXGroup section */

/* Begin PBXNativeTarget section */
		49FEF1311ABCB01300E75579 /* GDGeoDataDemo */ = {
			isa = PBXNativeTarget;
			buildConfigurationList = 49FEF1511ABCB01300E75579 /* Build configuration list for PBXNativeTarget "GDGeoDataDemo" */;
			buildPhases = (
				49FEF12E1ABCB01300E75579 /* Sources */,
				49FEF12F1ABCB01300E75579 /* Frameworks */,
				49FEF1301ABCB01300E75579 /* Resources */,
			);
			buildRules = (
			);
			dependencies = (
			);
			name = GDGeoDataDemo;
			productName = GDGeoDataDemo;
			productReference = 49FEF1321ABCB01300E75579 /* GDGeoDataDemo.app */;
			productType = "com.apple.product-type.application";
		};
		49FEF1461ABCB01300E75579 /* GDGeoDataDemoTests */ = {
			isa = PBXNativeTarget;
			buildConfigurationList = 49FEF1541ABCB01300E75579 /* Build configuration list for PBXNativeTarget "GDGeoDataDemoTests" */;
			buildPhases = (
				49FEF1431ABCB01300E75579 /* Sources */,
				49FEF1441ABCB01300E75579 /* Frameworks */,
				49FEF1451ABCB01300E75579 /* Resources */,
			);
			buildRules = (
			);
			dependencies = (
				49FEF1491ABCB01300E75579 /* PBXTargetDependency */,
			);
			name = GDGeoDataDemoTests;
			productName = GDGeoDataDemoTests;
			productReference = 49FEF1471ABCB01300E75579 /* GDGeoDataDemoTests.xctest */;
			productType = "com.apple.product-type.bundle.unit-test";
		};
/* End PBXNativeTarget section */

/* Begin PBXProject section */
		49FEF12A1ABCB01300E75579 /* Project object */ = {
			isa = PBXProject;
			attributes = {
				LastSwiftMigration = 0700;
				LastSwiftUpdateCheck = 0700;
				LastUpgradeCheck = 1010;
				ORGANIZATIONNAME = Cocmoc;
				TargetAttributes = {
					49FEF1311ABCB01300E75579 = {
						CreatedOnToolsVersion = 6.2;
						DevelopmentTeam = 2PRW676NCQ;
						LastSwiftMigration = 1100;
					};
					49FEF1461ABCB01300E75579 = {
						CreatedOnToolsVersion = 6.2;
						DevelopmentTeam = 2PRW676NCQ;
						LastSwiftMigration = 1100;
						TestTargetID = 49FEF1311ABCB01300E75579;
					};
				};
			};
			buildConfigurationList = 49FEF12D1ABCB01300E75579 /* Build configuration list for PBXProject "GDGeoDataDemo" */;
			compatibilityVersion = "Xcode 3.2";
			developmentRegion = English;
			hasScannedForEncodings = 0;
			knownRegions = (
				English,
				en,
				Base,
			);
			mainGroup = 49FEF1291ABCB01300E75579;
			productRefGroup = 49FEF1331ABCB01300E75579 /* Products */;
			projectDirPath = "";
			projectRoot = "";
			targets = (
				49FEF1311ABCB01300E75579 /* GDGeoDataDemo */,
				49FEF1461ABCB01300E75579 /* GDGeoDataDemoTests */,
			);
		};
/* End PBXProject section */

/* Begin PBXResourcesBuildPhase section */
		49FEF1301ABCB01300E75579 /* Resources */ = {
			isa = PBXResourcesBuildPhase;
			buildActionMask = 2147483647;
			files = (
				49FEF1421ABCB01300E75579 /* LaunchScreen.xib in Resources */,
				49FEF1621ABD8B4600E75579 /* GDCountries.json in Resources */,
				49FEF13F1ABCB01300E75579 /* Images.xcassets in Resources */,
				49FEF1631ABD8B4600E75579 /* GDRegions.json in Resources */,
			);
			runOnlyForDeploymentPostprocessing = 0;
		};
		49FEF1451ABCB01300E75579 /* Resources */ = {
			isa = PBXResourcesBuildPhase;
			buildActionMask = 2147483647;
			files = (
				49FEF1791ABDAD3500E75579 /* GDRegions.json in Resources */,
				49FEF1781ABDAD3300E75579 /* GDCountries.json in Resources */,
			);
			runOnlyForDeploymentPostprocessing = 0;
		};
/* End PBXResourcesBuildPhase section */

/* Begin PBXSourcesBuildPhase section */
		49FEF12E1ABCB01300E75579 /* Sources */ = {
			isa = PBXSourcesBuildPhase;
			buildActionMask = 2147483647;
			files = (
				49A7FE6B1ABF3F3400473BCF /* GDGeoDataObjectProtocol.swift in Sources */,
				CAA6893D23511319002F5EE4 /* SceneDelegate.swift in Sources */,
				49FEF1661ABD8B4600E75579 /* GDRegion.swift in Sources */,
				CAA68941235137F9002F5EE4 /* CountryView.swift in Sources */,
				49A7FE6D1ABF40D600473BCF /* GDSubRegion.swift in Sources */,
				CAA6893F235113F0002F5EE4 /* GDGeoDataListView.swift in Sources */,
				49FEF1381ABCB01300E75579 /* AppDelegate.swift in Sources */,
				49FEF1651ABD8B4600E75579 /* GDCountry.swift in Sources */,
			);
			runOnlyForDeploymentPostprocessing = 0;
		};
		49FEF1431ABCB01300E75579 /* Sources */ = {
			isa = PBXSourcesBuildPhase;
			buildActionMask = 2147483647;
			files = (
				49FEF1771ABDAD3000E75579 /* GDRegion.swift in Sources */,
				49A7FE6E1ABF456700473BCF /* GDSubRegion.swift in Sources */,
				49FEF1751ABDABC200E75579 /* GDGeoDataTest.swift in Sources */,
				49A7FE6F1ABF456A00473BCF /* GDGeoDataObjectProtocol.swift in Sources */,
				49FEF1761ABDAD2D00E75579 /* GDCountry.swift in Sources */,
			);
			runOnlyForDeploymentPostprocessing = 0;
		};
/* End PBXSourcesBuildPhase section */

/* Begin PBXTargetDependency section */
		49FEF1491ABCB01300E75579 /* PBXTargetDependency */ = {
			isa = PBXTargetDependency;
			target = 49FEF1311ABCB01300E75579 /* GDGeoDataDemo */;
			targetProxy = 49FEF1481ABCB01300E75579 /* PBXContainerItemProxy */;
		};
/* End PBXTargetDependency section */

/* Begin PBXVariantGroup section */
		49FEF1401ABCB01300E75579 /* LaunchScreen.xib */ = {
			isa = PBXVariantGroup;
			children = (
				49FEF1411ABCB01300E75579 /* Base */,
			);
			name = LaunchScreen.xib;
			sourceTree = "<group>";
		};
/* End PBXVariantGroup section */

/* Begin XCBuildConfiguration section */
		49FEF14F1ABCB01300E75579 /* Debug */ = {
			isa = XCBuildConfiguration;
			buildSettings = {
				ALWAYS_SEARCH_USER_PATHS = NO;
				CLANG_CXX_LANGUAGE_STANDARD = "gnu++0x";
				CLANG_CXX_LIBRARY = "libc++";
				CLANG_ENABLE_MODULES = YES;
				CLANG_ENABLE_OBJC_ARC = YES;
				CLANG_WARN_BLOCK_CAPTURE_AUTORELEASING = YES;
				CLANG_WARN_BOOL_CONVERSION = YES;
				CLANG_WARN_COMMA = YES;
				CLANG_WARN_CONSTANT_CONVERSION = YES;
				CLANG_WARN_DEPRECATED_OBJC_IMPLEMENTATIONS = YES;
				CLANG_WARN_DIRECT_OBJC_ISA_USAGE = YES_ERROR;
				CLANG_WARN_EMPTY_BODY = YES;
				CLANG_WARN_ENUM_CONVERSION = YES;
				CLANG_WARN_INFINITE_RECURSION = YES;
				CLANG_WARN_INT_CONVERSION = YES;
				CLANG_WARN_NON_LITERAL_NULL_CONVERSION = YES;
				CLANG_WARN_OBJC_IMPLICIT_RETAIN_SELF = YES;
				CLANG_WARN_OBJC_LITERAL_CONVERSION = YES;
				CLANG_WARN_OBJC_ROOT_CLASS = YES_ERROR;
				CLANG_WARN_RANGE_LOOP_ANALYSIS = YES;
				CLANG_WARN_STRICT_PROTOTYPES = YES;
				CLANG_WARN_SUSPICIOUS_MOVE = YES;
				CLANG_WARN_UNREACHABLE_CODE = YES;
				CLANG_WARN__DUPLICATE_METHOD_MATCH = YES;
				"CODE_SIGN_IDENTITY[sdk=iphoneos*]" = "iPhone Developer";
				COPY_PHASE_STRIP = NO;
				ENABLE_STRICT_OBJC_MSGSEND = YES;
				ENABLE_TESTABILITY = YES;
				GCC_C_LANGUAGE_STANDARD = gnu99;
				GCC_DYNAMIC_NO_PIC = NO;
				GCC_NO_COMMON_BLOCKS = YES;
				GCC_OPTIMIZATION_LEVEL = 0;
				GCC_PREPROCESSOR_DEFINITIONS = (
					"DEBUG=1",
					"$(inherited)",
				);
				GCC_SYMBOLS_PRIVATE_EXTERN = NO;
				GCC_WARN_64_TO_32_BIT_CONVERSION = YES;
				GCC_WARN_ABOUT_RETURN_TYPE = YES_ERROR;
				GCC_WARN_UNDECLARED_SELECTOR = YES;
				GCC_WARN_UNINITIALIZED_AUTOS = YES_AGGRESSIVE;
				GCC_WARN_UNUSED_FUNCTION = YES;
				GCC_WARN_UNUSED_VARIABLE = YES;
				IPHONEOS_DEPLOYMENT_TARGET = 13.0;
				MACOSX_DEPLOYMENT_TARGET = 10.15;
				MTL_ENABLE_DEBUG_INFO = YES;
				ONLY_ACTIVE_ARCH = YES;
				SDKROOT = iphoneos;
				SWIFT_OPTIMIZATION_LEVEL = "-Onone";
				TARGETED_DEVICE_FAMILY = "1,2";
			};
			name = Debug;
		};
		49FEF1501ABCB01300E75579 /* Release */ = {
			isa = XCBuildConfiguration;
			buildSettings = {
				ALWAYS_SEARCH_USER_PATHS = NO;
				CLANG_CXX_LANGUAGE_STANDARD = "gnu++0x";
				CLANG_CXX_LIBRARY = "libc++";
				CLANG_ENABLE_MODULES = YES;
				CLANG_ENABLE_OBJC_ARC = YES;
				CLANG_WARN_BLOCK_CAPTURE_AUTORELEASING = YES;
				CLANG_WARN_BOOL_CONVERSION = YES;
				CLANG_WARN_COMMA = YES;
				CLANG_WARN_CONSTANT_CONVERSION = YES;
				CLANG_WARN_DEPRECATED_OBJC_IMPLEMENTATIONS = YES;
				CLANG_WARN_DIRECT_OBJC_ISA_USAGE = YES_ERROR;
				CLANG_WARN_EMPTY_BODY = YES;
				CLANG_WARN_ENUM_CONVERSION = YES;
				CLANG_WARN_INFINITE_RECURSION = YES;
				CLANG_WARN_INT_CONVERSION = YES;
				CLANG_WARN_NON_LITERAL_NULL_CONVERSION = YES;
				CLANG_WARN_OBJC_IMPLICIT_RETAIN_SELF = YES;
				CLANG_WARN_OBJC_LITERAL_CONVERSION = YES;
				CLANG_WARN_OBJC_ROOT_CLASS = YES_ERROR;
				CLANG_WARN_RANGE_LOOP_ANALYSIS = YES;
				CLANG_WARN_STRICT_PROTOTYPES = YES;
				CLANG_WARN_SUSPICIOUS_MOVE = YES;
				CLANG_WARN_UNREACHABLE_CODE = YES;
				CLANG_WARN__DUPLICATE_METHOD_MATCH = YES;
				"CODE_SIGN_IDENTITY[sdk=iphoneos*]" = "iPhone Developer";
				COPY_PHASE_STRIP = NO;
				ENABLE_NS_ASSERTIONS = NO;
				ENABLE_STRICT_OBJC_MSGSEND = YES;
				GCC_C_LANGUAGE_STANDARD = gnu99;
				GCC_NO_COMMON_BLOCKS = YES;
				GCC_WARN_64_TO_32_BIT_CONVERSION = YES;
				GCC_WARN_ABOUT_RETURN_TYPE = YES_ERROR;
				GCC_WARN_UNDECLARED_SELECTOR = YES;
				GCC_WARN_UNINITIALIZED_AUTOS = YES_AGGRESSIVE;
				GCC_WARN_UNUSED_FUNCTION = YES;
				GCC_WARN_UNUSED_VARIABLE = YES;
				IPHONEOS_DEPLOYMENT_TARGET = 13.0;
				MACOSX_DEPLOYMENT_TARGET = 10.15;
				MTL_ENABLE_DEBUG_INFO = NO;
				SDKROOT = iphoneos;
				SWIFT_COMPILATION_MODE = wholemodule;
				TARGETED_DEVICE_FAMILY = "1,2";
				VALIDATE_PRODUCT = YES;
			};
			name = Release;
		};
		49FEF1521ABCB01300E75579 /* Debug */ = {
			isa = XCBuildConfiguration;
			buildSettings = {
				ASSETCATALOG_COMPILER_APPICON_NAME = AppIcon;
				CODE_SIGN_ENTITLEMENTS = GDGeoDataDemo/GDGeoDataDemo.entitlements;
				CODE_SIGN_IDENTITY = "iPhone Developer";
				DERIVE_MACCATALYST_PRODUCT_BUNDLE_IDENTIFIER = YES;
				DEVELOPMENT_TEAM = 2PRW676NCQ;
				INFOPLIST_FILE = GDGeoDataDemo/Info.plist;
				IPHONEOS_DEPLOYMENT_TARGET = 13.0;
				LD_RUNPATH_SEARCH_PATHS = "$(inherited) @executable_path/Frameworks";
				MARKETING_VERSION = 0.4.0;
				PRODUCT_BUNDLE_IDENTIFIER = "com.cocmoc.$(PRODUCT_NAME:rfc1034identifier)";
				PRODUCT_NAME = "$(TARGET_NAME)";
				SUPPORTS_MACCATALYST = YES;
				SWIFT_SWIFT3_OBJC_INFERENCE = Default;
				SWIFT_VERSION = 5.0;
			};
			name = Debug;
		};
		49FEF1531ABCB01300E75579 /* Release */ = {
			isa = XCBuildConfiguration;
			buildSettings = {
				ASSETCATALOG_COMPILER_APPICON_NAME = AppIcon;
				CODE_SIGN_ENTITLEMENTS = GDGeoDataDemo/GDGeoDataDemo.entitlements;
				CODE_SIGN_IDENTITY = "iPhone Distribution";
				DERIVE_MACCATALYST_PRODUCT_BUNDLE_IDENTIFIER = YES;
				DEVELOPMENT_TEAM = 2PRW676NCQ;
				INFOPLIST_FILE = GDGeoDataDemo/Info.plist;
				IPHONEOS_DEPLOYMENT_TARGET = 13.0;
				LD_RUNPATH_SEARCH_PATHS = "$(inherited) @executable_path/Frameworks";
				MARKETING_VERSION = 0.4.0;
				PRODUCT_BUNDLE_IDENTIFIER = "com.cocmoc.$(PRODUCT_NAME:rfc1034identifier)";
				PRODUCT_NAME = "$(TARGET_NAME)";
				SUPPORTS_MACCATALYST = YES;
				SWIFT_SWIFT3_OBJC_INFERENCE = Default;
				SWIFT_VERSION = 5.0;
			};
			name = Release;
		};
		49FEF1551ABCB01300E75579 /* Debug */ = {
			isa = XCBuildConfiguration;
			buildSettings = {
				BUNDLE_LOADER = "$(TEST_HOST)";
				CODE_SIGN_IDENTITY = "iPhone Developer";
				DEVELOPMENT_TEAM = 2PRW676NCQ;
				FRAMEWORK_SEARCH_PATHS = (
					"$(SDKROOT)/Developer/Library/Frameworks",
					"$(inherited)",
				);
				GCC_PREPROCESSOR_DEFINITIONS = (
					"DEBUG=1",
					"$(inherited)",
				);
				INFOPLIST_FILE = GDGeoDataDemoTests/Info.plist;
				LD_RUNPATH_SEARCH_PATHS = "$(inherited) @executable_path/Frameworks @loader_path/Frameworks";
				PRODUCT_BUNDLE_IDENTIFIER = "com.cocmoc.$(PRODUCT_NAME:rfc1034identifier)";
				PRODUCT_NAME = "$(TARGET_NAME)";
				SWIFT_SWIFT3_OBJC_INFERENCE = Default;
				SWIFT_VERSION = 5.0;
				TEST_HOST = "$(BUILT_PRODUCTS_DIR)/GDGeoDataDemo.app/GDGeoDataDemo";
			};
			name = Debug;
		};
		49FEF1561ABCB01300E75579 /* Release */ = {
			isa = XCBuildConfiguration;
			buildSettings = {
				BUNDLE_LOADER = "$(TEST_HOST)";
				CODE_SIGN_IDENTITY = "iPhone Distribution";
				DEVELOPMENT_TEAM = 2PRW676NCQ;
				FRAMEWORK_SEARCH_PATHS = (
					"$(SDKROOT)/Developer/Library/Frameworks",
					"$(inherited)",
				);
				INFOPLIST_FILE = GDGeoDataDemoTests/Info.plist;
				LD_RUNPATH_SEARCH_PATHS = "$(inherited) @executable_path/Frameworks @loader_path/Frameworks";
				PRODUCT_BUNDLE_IDENTIFIER = "com.cocmoc.$(PRODUCT_NAME:rfc1034identifier)";
				PRODUCT_NAME = "$(TARGET_NAME)";
				SWIFT_SWIFT3_OBJC_INFERENCE = Default;
				SWIFT_VERSION = 5.0;
				TEST_HOST = "$(BUILT_PRODUCTS_DIR)/GDGeoDataDemo.app/GDGeoDataDemo";
			};
			name = Release;
		};
/* End XCBuildConfiguration section */

/* Begin XCConfigurationList section */
		49FEF12D1ABCB01300E75579 /* Build configuration list for PBXProject "GDGeoDataDemo" */ = {
			isa = XCConfigurationList;
			buildConfigurations = (
				49FEF14F1ABCB01300E75579 /* Debug */,
				49FEF1501ABCB01300E75579 /* Release */,
			);
			defaultConfigurationIsVisible = 0;
			defaultConfigurationName = Release;
		};
		49FEF1511ABCB01300E75579 /* Build configuration list for PBXNativeTarget "GDGeoDataDemo" */ = {
			isa = XCConfigurationList;
			buildConfigurations = (
				49FEF1521ABCB01300E75579 /* Debug */,
				49FEF1531ABCB01300E75579 /* Release */,
			);
			defaultConfigurationIsVisible = 0;
			defaultConfigurationName = Release;
		};
		49FEF1541ABCB01300E75579 /* Build configuration list for PBXNativeTarget "GDGeoDataDemoTests" */ = {
			isa = XCConfigurationList;
			buildConfigurations = (
				49FEF1551ABCB01300E75579 /* Debug */,
				49FEF1561ABCB01300E75579 /* Release */,
			);
			defaultConfigurationIsVisible = 0;
			defaultConfigurationName = Release;
		};
/* End XCConfigurationList section */
	};
	rootObject = 49FEF12A1ABCB01300E75579 /* Project object */;
}
